
Microsoft Visual Studio Solution File, Format Version 12.00
# Visual Studio Version 16
VisualStudioVersion = 16.0.30413.136
MinimumVisualStudioVersion = 10.0.40219.1
Project("{FAE04EC0-301F-11D3-BF4B-00C04F79EFBC}") = "CannyFilter", "CannyFilter.csproj", "{7DC76F9E-9748-4C1D-A90B-9EC4002F3E41}"
EndProject
Global
	GlobalSection(SolutionConfigurationPlatforms) = preSolution
		Debug|Any CPU = Debug|Any CPU
		Release|Any CPU = Release|Any CPU
	EndGlobalSection
	GlobalSection(ProjectConfigurationPlatforms) = postSolution
		{7DC76F9E-9748-4C1D-A90B-9EC4002F3E41}.Debug|Any CPU.ActiveCfg = Debug|Any CPU
		{7DC76F9E-9748-4C1D-A90B-9EC4002F3E41}.Debug|Any CPU.Build.0 = Debug|Any CPU
		{7DC76F9E-9748-4C1D-A90B-9EC4002F3E41}.Release|Any CPU.ActiveCfg = Release|Any CPU
		{7DC76F9E-9748-4C1D-A90B-9EC4002F3E41}.Release|Any CPU.Build.0 = Release|Any CPU
	EndGlobalSection
	GlobalSection(SolutionProperties) = preSolution
		HideSolutionNode = FALSE
	EndGlobalSection
	GlobalSection(ExtensibilityGlobals) = postSolution
		SolutionGuid = {7FB3A68E-ECB8-41A3-B52E-24A2AA1FD982}
	EndGlobalSection
EndGlobal
